
Microsoft Visual Studio Solution File, Format Version 12.00
# Visual Studio Version 17
VisualStudioVersion = 17.11.35222.181
MinimumVisualStudioVersion = 10.0.40219.1
Project("{FAE04EC0-301F-11D3-BF4B-00C04F79EFBC}") = "ConsoleApp13", "ConsoleApp13\ConsoleApp13.csproj", "{047CB315-A2DB-4ADC-A91E-36B06FFF2AAB}"
EndProject
Global
	GlobalSection(SolutionConfigurationPlatforms) = preSolution
		Debug|Any CPU = Debug|Any CPU
		Release|Any CPU = Release|Any CPU
	EndGlobalSection
	GlobalSection(ProjectConfigurationPlatforms) = postSolution
		{047CB315-A2DB-4ADC-A91E-36B06FFF2AAB}.Debug|Any CPU.ActiveCfg = Debug|Any CPU
		{047CB315-A2DB-4ADC-A91E-36B06FFF2AAB}.Debug|Any CPU.Build.0 = Debug|Any CPU
		{047CB315-A2DB-4ADC-A91E-36B06FFF2AAB}.Release|Any CPU.ActiveCfg = Release|Any CPU
		{047CB315-A2DB-4ADC-A91E-36B06FFF2AAB}.Release|Any CPU.Build.0 = Release|Any CPU
	EndGlobalSection
	GlobalSection(SolutionProperties) = preSolution
		HideSolutionNode = FALSE
	EndGlobalSection
	GlobalSection(ExtensibilityGlobals) = postSolution
		SolutionGuid = {F5870A50-EED0-4BAA-B8AF-7D36A209A504}
	EndGlobalSection
EndGlobal
